
Microsoft Visual Studio Solution File, Format Version 12.00
# Visual Studio Version 16
VisualStudioVersion = 16.0.30717.126
MinimumVisualStudioVersion = 10.0.40219.1
Project("{FAE04EC0-301F-11D3-BF4B-00C04F79EFBC}") = "MarketApplicationMVC.Web", "MarketApplicationMVC.Web\MarketApplicationMVC.Web.csproj", "{66C1699E-860E-4D6A-8107-4C9E46EBF125}"
EndProject
Global
	GlobalSection(SolutionConfigurationPlatforms) = preSolution
		Debug|Any CPU = Debug|Any CPU
		Release|Any CPU = Release|Any CPU
	EndGlobalSection
	GlobalSection(ProjectConfigurationPlatforms) = postSolution
		{66C1699E-860E-4D6A-8107-4C9E46EBF125}.Debug|Any CPU.ActiveCfg = Debug|Any CPU
		{66C1699E-860E-4D6A-8107-4C9E46EBF125}.Debug|Any CPU.Build.0 = Debug|Any CPU
		{66C1699E-860E-4D6A-8107-4C9E46EBF125}.Release|Any CPU.ActiveCfg = Release|Any CPU
		{66C1699E-860E-4D6A-8107-4C9E46EBF125}.Release|Any CPU.Build.0 = Release|Any CPU
	EndGlobalSection
	GlobalSection(SolutionProperties) = preSolution
		HideSolutionNode = FALSE
	EndGlobalSection
	GlobalSection(ExtensibilityGlobals) = postSolution
		SolutionGuid = {017B7667-B98C-4434-94A0-1CAF7E91147F}
	EndGlobalSection
EndGlobal
